// !$*UTF8*$!
{
	archiveVersion = 1;
	classes = {
	};
	objectVersion = 77;
	objects = {

/* Begin PBXBuildFile section */
		0173E1DAB7E2CE778FD87D09 /* NewTaskView.swift in Sources */ = {isa = PBXBuildFile; fileRef = 648F57DB7F99D00D1D4366D8 /* NewTaskView.swift */; };
		0391273998145E517435F8EC /* AdhocBumpView.swift in Sources */ = {isa = PBXBuildFile; fileRef = 95FBD25B6E15C0E91381F6E8 /* AdhocBumpView.swift */; };
		0A486CE868C5538D3BC75F2C /* Priority.swift in Sources */ = {isa = PBXBuildFile; fileRef = C37C69C067FEC19CC0D353A2 /* Priority.swift */; };
		0A824A02868B79111A8A83CD /* WelcomeView.swift in Sources */ = {isa = PBXBuildFile; fileRef = 6700B3531ED099A170D79DBA /* WelcomeView.swift */; };
		0FB1B42E983A00343B16C2DC /* CommitmentEntity+Extensions.swift in Sources */ = {isa = PBXBuildFile; fileRef = B0B296A9CCFF099A42AA51B3 /* CommitmentEntity+Extensions.swift */; };
		116C5DCD2ED5586EC1099096 /* TaskDraft.swift in Sources */ = {isa = PBXBuildFile; fileRef = 852BCE3589044E4C173DE674 /* TaskDraft.swift */; };
		1311A3A1DCE41F441D7D50A3 /* ProBadge.swift in Sources */ = {isa = PBXBuildFile; fileRef = F72A67DF8D514BDD23A89798 /* ProBadge.swift */; };
		1C1EC3598704DA3D10F4B79E /* WaypointApp.swift in Sources */ = {isa = PBXBuildFile; fileRef = 8850A4AD6D4B8CA9B911E947 /* WaypointApp.swift */; };
		26F8CD307627BD1AF8548EE3 /* CompletionView.swift in Sources */ = {isa = PBXBuildFile; fileRef = 839DE3860FCAAD6AB1E2A92C /* CompletionView.swift */; };
		271814CD866A39D92687A731 /* PersistenceController.swift in Sources */ = {isa = PBXBuildFile; fileRef = D85917D87C1E0FD562F03FE3 /* PersistenceController.swift */; };
		282DF72FF66F505186DF4381 /* ScheduleSetupView.swift in Sources */ = {isa = PBXBuildFile; fileRef = EF5B6B74E18146252DE5EECF /* ScheduleSetupView.swift */; };
		336714247F3CE0431661E8EC /* SettingsView.swift in Sources */ = {isa = PBXBuildFile; fileRef = 54604A4F20F4FF521D885078 /* SettingsView.swift */; };
		382D8B866267D75CABE10EDE /* PaywallView.swift in Sources */ = {isa = PBXBuildFile; fileRef = 8ADBDE4286DDF140EAFB318B /* PaywallView.swift */; };
		400FB0185E2D807FE75A4834 /* DateNavigationStore.swift in Sources */ = {isa = PBXBuildFile; fileRef = 036EE9F351B7734A2F5AD935 /* DateNavigationStore.swift */; };
		40B9BBAE36C499828E03B0CF /* Supabase in Frameworks */ = {isa = PBXBuildFile; productRef = 87A2E6B7AAA3217AF056DB77 /* Supabase */; };
		415D3231AF21C9C4459E539E /* RootView.swift in Sources */ = {isa = PBXBuildFile; fileRef = 24ECA3D57DA1BDC6AAA0C1C7 /* RootView.swift */; };
		5C3849993FB7B9611B234A0E /* SupabaseManager.swift in Sources */ = {isa = PBXBuildFile; fileRef = 5EB7A3CAD3697716ABF2B18C /* SupabaseManager.swift */; };
		5C435AF590790E4CDDF3DFB1 /* Buttons.swift in Sources */ = {isa = PBXBuildFile; fileRef = C97861208E25D18FD4EDA1C3 /* Buttons.swift */; };
		62E80A2D7D2E3662061F6458 /* SleepSetupView.swift in Sources */ = {isa = PBXBuildFile; fileRef = F0F0E27307582BCBF61CAE14 /* SleepSetupView.swift */; };
		653F0D6E91617547083D6332 /* WeekView.swift in Sources */ = {isa = PBXBuildFile; fileRef = F31BEC7026BBE9ED825FF591 /* WeekView.swift */; };
		66CA047020BB53456CF52163 /* CascadeConfirmView.swift in Sources */ = {isa = PBXBuildFile; fileRef = 1CE1AE26B58AE7465DA15689 /* CascadeConfirmView.swift */; };
		67A2737B5F7E2692178BF83C /* TaskProgressWave.swift in Sources */ = {isa = PBXBuildFile; fileRef = 0D3738DCD1C1C901FB58D4F5 /* TaskProgressWave.swift */; };
		6D0CBF355D939EE2DE71AC42 /* AccentSwatch.swift in Sources */ = {isa = PBXBuildFile; fileRef = D46ADE46F3D3E7582120A827 /* AccentSwatch.swift */; };
		6FE09E437E8792AA241BF182 /* Typography.swift in Sources */ = {isa = PBXBuildFile; fileRef = CCB64DD289BA093BF6235177 /* Typography.swift */; };
		6FE99472D1487F9D7F11167A /* PomodoroView.swift in Sources */ = {isa = PBXBuildFile; fileRef = 93C01144EA82905973FDAC5B /* PomodoroView.swift */; };
		70742552221EB329839E8778 /* MainTabView.swift in Sources */ = {isa = PBXBuildFile; fileRef = 3FB518A0FA9D4FFF75FBC21B /* MainTabView.swift */; };
		7BD20FD2295557FE33DA3FC3 /* NotificationManager.swift in Sources */ = {isa = PBXBuildFile; fileRef = 964A24658EDB3CFCD37A6C71 /* NotificationManager.swift */; };
		83AD6D98E2D33E9B9FEAC484 /* ScheduleEngineTests.swift in Sources */ = {isa = PBXBuildFile; fileRef = C92BA47E98AB9488DC68F588 /* ScheduleEngineTests.swift */; };
		880F64ECC57A5DAE9CC1E551 /* TaskStateTests.swift in Sources */ = {isa = PBXBuildFile; fileRef = A90DAA1220894578F53EF0F8 /* TaskStateTests.swift */; };
		8ADFF848E23D11FBEE5C2E32 /* ColorTokens.swift in Sources */ = {isa = PBXBuildFile; fileRef = 1FA0A1BEACD65026BD0B1E3B /* ColorTokens.swift */; };
		8DC2D818FECF68F4351808F1 /* GoalCreateView.swift in Sources */ = {isa = PBXBuildFile; fileRef = 20053870B085F4E0A2992460 /* GoalCreateView.swift */; };
		96952B100095640D68BB1441 /* GoalDetailView.swift in Sources */ = {isa = PBXBuildFile; fileRef = 7CD855111609613CF8664261 /* GoalDetailView.swift */; };
		9FAA7DF2F3D0B94F7929F1BC /* CardBackground.swift in Sources */ = {isa = PBXBuildFile; fileRef = 3B7584D86923F2172B5800B8 /* CardBackground.swift */; };
		A53FFB0471686FC364842675 /* Assets.xcassets in Resources */ = {isa = PBXBuildFile; fileRef = 13F66EB6BA064C5E76B26FB6 /* Assets.xcassets */; };
		B12E14D9F220506BE25B5E81 /* ScheduleEngine.swift in Sources */ = {isa = PBXBuildFile; fileRef = 42D9267BE1CEF896F6213025 /* ScheduleEngine.swift */; };
		B830178B192DA6126F60E980 /* TaskEntity+Extensions.swift in Sources */ = {isa = PBXBuildFile; fileRef = B609959F08E703C4D7646E91 /* TaskEntity+Extensions.swift */; };
		B8AE3F3458A1577CB492669D /* SampleData.swift in Sources */ = {isa = PBXBuildFile; fileRef = B4B6B74DE3D70181181BFF7E /* SampleData.swift */; };
		B9B8319683994671D16A0B23 /* GoalEntity+Extensions.swift in Sources */ = {isa = PBXBuildFile; fileRef = 414FAA12C134A64B5FAC53AB /* GoalEntity+Extensions.swift */; };
		BFB17E314B1FED350DC83406 /* ProgressRing.swift in Sources */ = {isa = PBXBuildFile; fileRef = C766B58B62C0A77895616F9F /* ProgressRing.swift */; };
		D13C502840BF8A8063FFC353 /* CompletionBurst.swift in Sources */ = {isa = PBXBuildFile; fileRef = F91116B3A2600B6D867ECAD1 /* CompletionBurst.swift */; };
		D578F0738C862DB4AD3C34E7 /* ProgressAnalyticsView.swift in Sources */ = {isa = PBXBuildFile; fileRef = 49825B536B5B5A7898A561B9 /* ProgressAnalyticsView.swift */; };
		DBD85E619AD25D3CAE81E191 /* TaskReplicatorTests.swift in Sources */ = {isa = PBXBuildFile; fileRef = CB56D3F2D27B6CB75FD85E12 /* TaskReplicatorTests.swift */; };
		DE3BA15E3EAFC3B63C7B8890 /* TaskReplicator.swift in Sources */ = {isa = PBXBuildFile; fileRef = A77AA9974756C96BD976B908 /* TaskReplicator.swift */; };
		E5A0253695B33E739863FCFB /* TaskRowView.swift in Sources */ = {isa = PBXBuildFile; fileRef = DCCC2E97AF4EC6541D3BBD30 /* TaskRowView.swift */; };
		E6090248BA262203436E2E40 /* ThemeManager.swift in Sources */ = {isa = PBXBuildFile; fileRef = 45F46A704BCA83753D3CD1A0 /* ThemeManager.swift */; };
		E8100EABD432CDF9B1BB7257 /* AuthManager.swift in Sources */ = {isa = PBXBuildFile; fileRef = D67071FFA8430AF2FD4ABD39 /* AuthManager.swift */; };
		EAB29C9AE0CC289BD954D68F /* GoalWeekStrip.swift in Sources */ = {isa = PBXBuildFile; fileRef = 3EB06A4AFB082B72DA0F3165 /* GoalWeekStrip.swift */; };
		EC3E26669CDA55B639FC50BF /* TodayView.swift in Sources */ = {isa = PBXBuildFile; fileRef = 1BAFA4BA104B90F5CA8C31AC /* TodayView.swift */; };
		ECFBF55BDFEF53CE52B6C2E9 /* SleepSettings.swift in Sources */ = {isa = PBXBuildFile; fileRef = 1695D4EF8CC03958DBE2F40A /* SleepSettings.swift */; };
		FADECE428C4516741B153F17 /* GoalStreakTests.swift in Sources */ = {isa = PBXBuildFile; fileRef = BC551CFE31C80A5743D2C5E7 /* GoalStreakTests.swift */; };
		FD011C345784CD18872C0386 /* Waypoint.xcdatamodeld in Sources */ = {isa = PBXBuildFile; fileRef = C7FFB68E50A360EC43E84F0A /* Waypoint.xcdatamodeld */; };
/* End PBXBuildFile section */

/* Begin PBXContainerItemProxy section */
		C8F9FCE92CFA5AA709E75E17 /* PBXContainerItemProxy */ = {
			isa = PBXContainerItemProxy;
			containerPortal = B33832DCC50BBF6D04EAD6FA /* Project object */;
			proxyType = 1;
			remoteGlobalIDString = C2F92D227913837FFA259593;
			remoteInfo = Waypoint;
		};
/* End PBXContainerItemProxy section */

/* Begin PBXFileReference section */
		036EE9F351B7734A2F5AD935 /* DateNavigationStore.swift */ = {isa = PBXFileReference; lastKnownFileType = sourcecode.swift; path = DateNavigationStore.swift; sourceTree = "<group>"; };
		0D3738DCD1C1C901FB58D4F5 /* TaskProgressWave.swift */ = {isa = PBXFileReference; lastKnownFileType = sourcecode.swift; path = TaskProgressWave.swift; sourceTree = "<group>"; };
		13F66EB6BA064C5E76B26FB6 /* Assets.xcassets */ = {isa = PBXFileReference; lastKnownFileType = folder.assetcatalog; path = Assets.xcassets; sourceTree = "<group>"; };
		1695D4EF8CC03958DBE2F40A /* SleepSettings.swift */ = {isa = PBXFileReference; lastKnownFileType = sourcecode.swift; path = SleepSettings.swift; sourceTree = "<group>"; };
		1BAFA4BA104B90F5CA8C31AC /* TodayView.swift */ = {isa = PBXFileReference; lastKnownFileType = sourcecode.swift; path = TodayView.swift; sourceTree = "<group>"; };
		1CE1AE26B58AE7465DA15689 /* CascadeConfirmView.swift */ = {isa = PBXFileReference; lastKnownFileType = sourcecode.swift; path = CascadeConfirmView.swift; sourceTree = "<group>"; };
		1FA0A1BEACD65026BD0B1E3B /* ColorTokens.swift */ = {isa = PBXFileReference; lastKnownFileType = sourcecode.swift; path = ColorTokens.swift; sourceTree = "<group>"; };
		20053870B085F4E0A2992460 /* GoalCreateView.swift */ = {isa = PBXFileReference; lastKnownFileType = sourcecode.swift; path = GoalCreateView.swift; sourceTree = "<group>"; };
		24ECA3D57DA1BDC6AAA0C1C7 /* RootView.swift */ = {isa = PBXFileReference; lastKnownFileType = sourcecode.swift; path = RootView.swift; sourceTree = "<group>"; };
		37E074FA3AF1BBB691783155 /* WaypointTests.xctest */ = {isa = PBXFileReference; includeInIndex = 0; lastKnownFileType = wrapper.cfbundle; path = WaypointTests.xctest; sourceTree = BUILT_PRODUCTS_DIR; };
		3B7584D86923F2172B5800B8 /* CardBackground.swift */ = {isa = PBXFileReference; lastKnownFileType = sourcecode.swift; path = CardBackground.swift; sourceTree = "<group>"; };
		3EB06A4AFB082B72DA0F3165 /* GoalWeekStrip.swift */ = {isa = PBXFileReference; lastKnownFileType = sourcecode.swift; path = GoalWeekStrip.swift; sourceTree = "<group>"; };
		3FB518A0FA9D4FFF75FBC21B /* MainTabView.swift */ = {isa = PBXFileReference; lastKnownFileType = sourcecode.swift; path = MainTabView.swift; sourceTree = "<group>"; };
		414FAA12C134A64B5FAC53AB /* GoalEntity+Extensions.swift */ = {isa = PBXFileReference; lastKnownFileType = sourcecode.swift; path = "GoalEntity+Extensions.swift"; sourceTree = "<group>"; };
		42D9267BE1CEF896F6213025 /* ScheduleEngine.swift */ = {isa = PBXFileReference; lastKnownFileType = sourcecode.swift; path = ScheduleEngine.swift; sourceTree = "<group>"; };
		45F46A704BCA83753D3CD1A0 /* ThemeManager.swift */ = {isa = PBXFileReference; lastKnownFileType = sourcecode.swift; path = ThemeManager.swift; sourceTree = "<group>"; };
		49825B536B5B5A7898A561B9 /* ProgressAnalyticsView.swift */ = {isa = PBXFileReference; lastKnownFileType = sourcecode.swift; path = ProgressAnalyticsView.swift; sourceTree = "<group>"; };
		54604A4F20F4FF521D885078 /* SettingsView.swift */ = {isa = PBXFileReference; lastKnownFileType = sourcecode.swift; path = SettingsView.swift; sourceTree = "<group>"; };
		5EB7A3CAD3697716ABF2B18C /* SupabaseManager.swift */ = {isa = PBXFileReference; lastKnownFileType = sourcecode.swift; path = SupabaseManager.swift; sourceTree = "<group>"; };
		648F57DB7F99D00D1D4366D8 /* NewTaskView.swift */ = {isa = PBXFileReference; lastKnownFileType = sourcecode.swift; path = NewTaskView.swift; sourceTree = "<group>"; };
		6700B3531ED099A170D79DBA /* WelcomeView.swift */ = {isa = PBXFileReference; lastKnownFileType = sourcecode.swift; path = WelcomeView.swift; sourceTree = "<group>"; };
		7CD855111609613CF8664261 /* GoalDetailView.swift */ = {isa = PBXFileReference; lastKnownFileType = sourcecode.swift; path = GoalDetailView.swift; sourceTree = "<group>"; };
		839DE3860FCAAD6AB1E2A92C /* CompletionView.swift */ = {isa = PBXFileReference; lastKnownFileType = sourcecode.swift; path = CompletionView.swift; sourceTree = "<group>"; };
		852BCE3589044E4C173DE674 /* TaskDraft.swift */ = {isa = PBXFileReference; lastKnownFileType = sourcecode.swift; path = TaskDraft.swift; sourceTree = "<group>"; };
		8850A4AD6D4B8CA9B911E947 /* WaypointApp.swift */ = {isa = PBXFileReference; lastKnownFileType = sourcecode.swift; path = WaypointApp.swift; sourceTree = "<group>"; };
		8ADBDE4286DDF140EAFB318B /* PaywallView.swift */ = {isa = PBXFileReference; lastKnownFileType = sourcecode.swift; path = PaywallView.swift; sourceTree = "<group>"; };
		93C01144EA82905973FDAC5B /* PomodoroView.swift */ = {isa = PBXFileReference; lastKnownFileType = sourcecode.swift; path = PomodoroView.swift; sourceTree = "<group>"; };
		95FBD25B6E15C0E91381F6E8 /* AdhocBumpView.swift */ = {isa = PBXFileReference; lastKnownFileType = sourcecode.swift; path = AdhocBumpView.swift; sourceTree = "<group>"; };
		964A24658EDB3CFCD37A6C71 /* NotificationManager.swift */ = {isa = PBXFileReference; lastKnownFileType = sourcecode.swift; path = NotificationManager.swift; sourceTree = "<group>"; };
		A77AA9974756C96BD976B908 /* TaskReplicator.swift */ = {isa = PBXFileReference; lastKnownFileType = sourcecode.swift; path = TaskReplicator.swift; sourceTree = "<group>"; };
		A90DAA1220894578F53EF0F8 /* TaskStateTests.swift */ = {isa = PBXFileReference; lastKnownFileType = sourcecode.swift; path = TaskStateTests.swift; sourceTree = "<group>"; };
		B0B296A9CCFF099A42AA51B3 /* CommitmentEntity+Extensions.swift */ = {isa = PBXFileReference; lastKnownFileType = sourcecode.swift; path = "CommitmentEntity+Extensions.swift"; sourceTree = "<group>"; };
		B4B6B74DE3D70181181BFF7E /* SampleData.swift */ = {isa = PBXFileReference; lastKnownFileType = sourcecode.swift; path = SampleData.swift; sourceTree = "<group>"; };
		B609959F08E703C4D7646E91 /* TaskEntity+Extensions.swift */ = {isa = PBXFileReference; lastKnownFileType = sourcecode.swift; path = "TaskEntity+Extensions.swift"; sourceTree = "<group>"; };
		BA0E993CFF4FC1F5EB46A65E /* Waypoint.app */ = {isa = PBXFileReference; includeInIndex = 0; lastKnownFileType = wrapper.application; path = Waypoint.app; sourceTree = BUILT_PRODUCTS_DIR; };
		BC551CFE31C80A5743D2C5E7 /* GoalStreakTests.swift */ = {isa = PBXFileReference; lastKnownFileType = sourcecode.swift; path = GoalStreakTests.swift; sourceTree = "<group>"; };
		C37C69C067FEC19CC0D353A2 /* Priority.swift */ = {isa = PBXFileReference; lastKnownFileType = sourcecode.swift; path = Priority.swift; sourceTree = "<group>"; };
		C766B58B62C0A77895616F9F /* ProgressRing.swift */ = {isa = PBXFileReference; lastKnownFileType = sourcecode.swift; path = ProgressRing.swift; sourceTree = "<group>"; };
		C92BA47E98AB9488DC68F588 /* ScheduleEngineTests.swift */ = {isa = PBXFileReference; lastKnownFileType = sourcecode.swift; path = ScheduleEngineTests.swift; sourceTree = "<group>"; };
		C97861208E25D18FD4EDA1C3 /* Buttons.swift */ = {isa = PBXFileReference; lastKnownFileType = sourcecode.swift; path = Buttons.swift; sourceTree = "<group>"; };
		CB56D3F2D27B6CB75FD85E12 /* TaskReplicatorTests.swift */ = {isa = PBXFileReference; lastKnownFileType = sourcecode.swift; path = TaskReplicatorTests.swift; sourceTree = "<group>"; };
		CCB64DD289BA093BF6235177 /* Typography.swift */ = {isa = PBXFileReference; lastKnownFileType = sourcecode.swift; path = Typography.swift; sourceTree = "<group>"; };
		CFCBE172A676F813E78CF8EA /* Waypoint.xcdatamodel */ = {isa = PBXFileReference; lastKnownFileType = wrapper.xcdatamodel; path = Waypoint.xcdatamodel; sourceTree = "<group>"; };
		D46ADE46F3D3E7582120A827 /* AccentSwatch.swift */ = {isa = PBXFileReference; lastKnownFileType = sourcecode.swift; path = AccentSwatch.swift; sourceTree = "<group>"; };
		D67071FFA8430AF2FD4ABD39 /* AuthManager.swift */ = {isa = PBXFileReference; lastKnownFileType = sourcecode.swift; path = AuthManager.swift; sourceTree = "<group>"; };
		D85917D87C1E0FD562F03FE3 /* PersistenceController.swift */ = {isa = PBXFileReference; lastKnownFileType = sourcecode.swift; path = PersistenceController.swift; sourceTree = "<group>"; };
		DCCC2E97AF4EC6541D3BBD30 /* TaskRowView.swift */ = {isa = PBXFileReference; lastKnownFileType = sourcecode.swift; path = TaskRowView.swift; sourceTree = "<group>"; };
		EF5B6B74E18146252DE5EECF /* ScheduleSetupView.swift */ = {isa = PBXFileReference; lastKnownFileType = sourcecode.swift; path = ScheduleSetupView.swift; sourceTree = "<group>"; };
		F0F0E27307582BCBF61CAE14 /* SleepSetupView.swift */ = {isa = PBXFileReference; lastKnownFileType = sourcecode.swift; path = SleepSetupView.swift; sourceTree = "<group>"; };
		F31BEC7026BBE9ED825FF591 /* WeekView.swift */ = {isa = PBXFileReference; lastKnownFileType = sourcecode.swift; path = WeekView.swift; sourceTree = "<group>"; };
		F72A67DF8D514BDD23A89798 /* ProBadge.swift */ = {isa = PBXFileReference; lastKnownFileType = sourcecode.swift; path = ProBadge.swift; sourceTree = "<group>"; };
		F91116B3A2600B6D867ECAD1 /* CompletionBurst.swift */ = {isa = PBXFileReference; lastKnownFileType = sourcecode.swift; path = CompletionBurst.swift; sourceTree = "<group>"; };
/* End PBXFileReference section */

/* Begin PBXFrameworksBuildPhase section */
		D4A0FA02D8337ADD179DD66A /* Frameworks */ = {
			isa = PBXFrameworksBuildPhase;
			buildActionMask = 2147483647;
			files = (
				40B9BBAE36C499828E03B0CF /* Supabase in Frameworks */,
			);
			runOnlyForDeploymentPostprocessing = 0;
		};
/* End PBXFrameworksBuildPhase section */

/* Begin PBXGroup section */
		3040611283DE5E740B6DA72C /* Onboarding */ = {
			isa = PBXGroup;
			children = (
				F0F0E27307582BCBF61CAE14 /* SleepSetupView.swift */,
				6700B3531ED099A170D79DBA /* WelcomeView.swift */,
			);
			path = Onboarding;
			sourceTree = "<group>";
		};
		3F9D0C5EF8BCCE8FEDC7B4D9 /* Paywall */ = {
			isa = PBXGroup;
			children = (
				8ADBDE4286DDF140EAFB318B /* PaywallView.swift */,
			);
			path = Paywall;
			sourceTree = "<group>";
		};
		429F0F14F2CDDD441DCEEB6A /* Auth */ = {
			isa = PBXGroup;
			children = (
				D67071FFA8430AF2FD4ABD39 /* AuthManager.swift */,
			);
			path = Auth;
			sourceTree = "<group>";
		};
		48175C525376F2E62E2B7338 /* Scheduling */ = {
			isa = PBXGroup;
			children = (
				42D9267BE1CEF896F6213025 /* ScheduleEngine.swift */,
				1695D4EF8CC03958DBE2F40A /* SleepSettings.swift */,
				A77AA9974756C96BD976B908 /* TaskReplicator.swift */,
			);
			path = Scheduling;
			sourceTree = "<group>";
		};
		48DBDF277774A48A4A61A668 /* Products */ = {
			isa = PBXGroup;
			children = (
				BA0E993CFF4FC1F5EB46A65E /* Waypoint.app */,
				37E074FA3AF1BBB691783155 /* WaypointTests.xctest */,
			);
			name = Products;
			sourceTree = "<group>";
		};
		4CADA0068A8EB700F874C29D /* Models */ = {
			isa = PBXGroup;
			children = (
				B0B296A9CCFF099A42AA51B3 /* CommitmentEntity+Extensions.swift */,
				414FAA12C134A64B5FAC53AB /* GoalEntity+Extensions.swift */,
				C37C69C067FEC19CC0D353A2 /* Priority.swift */,
				B4B6B74DE3D70181181BFF7E /* SampleData.swift */,
				852BCE3589044E4C173DE674 /* TaskDraft.swift */,
				B609959F08E703C4D7646E91 /* TaskEntity+Extensions.swift */,
				C7FFB68E50A360EC43E84F0A /* Waypoint.xcdatamodeld */,
			);
			path = Models;
			sourceTree = "<group>";
		};
		53B31BB71586EFBDE4EF08E1 /* Week */ = {
			isa = PBXGroup;
			children = (
				F31BEC7026BBE9ED825FF591 /* WeekView.swift */,
			);
			path = Week;
			sourceTree = "<group>";
		};
		64CE4325EAF0BBCE71D34A64 /* Completion */ = {
			isa = PBXGroup;
			children = (
				839DE3860FCAAD6AB1E2A92C /* CompletionView.swift */,
			);
			path = Completion;
			sourceTree = "<group>";
		};
		74A53DE98263B210457A199E /* Today */ = {
			isa = PBXGroup;
			children = (
				1BAFA4BA104B90F5CA8C31AC /* TodayView.swift */,
			);
			path = Today;
			sourceTree = "<group>";
		};
		77D4BA0E1825765A4473687E /* Progress */ = {
			isa = PBXGroup;
			children = (
				49825B536B5B5A7898A561B9 /* ProgressAnalyticsView.swift */,
			);
			path = Progress;
			sourceTree = "<group>";
		};
		7EF14A6F153F42E0161EC78D /* Goal */ = {
			isa = PBXGroup;
			children = (
				20053870B085F4E0A2992460 /* GoalCreateView.swift */,
				7CD855111609613CF8664261 /* GoalDetailView.swift */,
			);
			path = Goal;
			sourceTree = "<group>";
		};
		886510758D73D0E5732489AF /* Sources */ = {
			isa = PBXGroup;
			children = (
				F6ADC6A1E7C5DD772B2C4C5D /* App */,
				429F0F14F2CDDD441DCEEB6A /* Auth */,
				CA7F97B758C7040DE75726A6 /* DesignSystem */,
				A84BEECC259E8B8F50407959 /* Features */,
				4CADA0068A8EB700F874C29D /* Models */,
				97FBC85312CFB94558EE290C /* Notifications */,
				D6C23DB957E1B951B49D6549 /* Persistence */,
				48175C525376F2E62E2B7338 /* Scheduling */,
				956B821FB5DB20C709DF5D2D /* Theme */,
			);
			path = Sources;
			sourceTree = "<group>";
		};
		956B821FB5DB20C709DF5D2D /* Theme */ = {
			isa = PBXGroup;
			children = (
				D46ADE46F3D3E7582120A827 /* AccentSwatch.swift */,
				1FA0A1BEACD65026BD0B1E3B /* ColorTokens.swift */,
				45F46A704BCA83753D3CD1A0 /* ThemeManager.swift */,
			);
			path = Theme;
			sourceTree = "<group>";
		};
		97FBC85312CFB94558EE290C /* Notifications */ = {
			isa = PBXGroup;
			children = (
				964A24658EDB3CFCD37A6C71 /* NotificationManager.swift */,
			);
			path = Notifications;
			sourceTree = "<group>";
		};
		A84BEECC259E8B8F50407959 /* Features */ = {
			isa = PBXGroup;
			children = (
				E1BC07DDF9CCE541967D343D /* AdhocBump */,
				64CE4325EAF0BBCE71D34A64 /* Completion */,
				7EF14A6F153F42E0161EC78D /* Goal */,
				3040611283DE5E740B6DA72C /* Onboarding */,
				3F9D0C5EF8BCCE8FEDC7B4D9 /* Paywall */,
				B3011F16F72CF1F3449C54D7 /* Pomodoro */,
				77D4BA0E1825765A4473687E /* Progress */,
				AC9E994AC913F053E6282AC1 /* Schedule */,
				A9AA760CC19577C18905E5F9 /* Settings */,
				B9B9CF2A70685DFDF8EE164B /* Task */,
				74A53DE98263B210457A199E /* Today */,
				53B31BB71586EFBDE4EF08E1 /* Week */,
			);
			path = Features;
			sourceTree = "<group>";
		};
		A9AA760CC19577C18905E5F9 /* Settings */ = {
			isa = PBXGroup;
			children = (
				54604A4F20F4FF521D885078 /* SettingsView.swift */,
			);
			path = Settings;
			sourceTree = "<group>";
		};
		AC9E994AC913F053E6282AC1 /* Schedule */ = {
			isa = PBXGroup;
			children = (
				EF5B6B74E18146252DE5EECF /* ScheduleSetupView.swift */,
			);
			path = Schedule;
			sourceTree = "<group>";
		};
		B3011F16F72CF1F3449C54D7 /* Pomodoro */ = {
			isa = PBXGroup;
			children = (
				93C01144EA82905973FDAC5B /* PomodoroView.swift */,
			);
			path = Pomodoro;
			sourceTree = "<group>";
		};
		B9B9CF2A70685DFDF8EE164B /* Task */ = {
			isa = PBXGroup;
			children = (
				648F57DB7F99D00D1D4366D8 /* NewTaskView.swift */,
			);
			path = Task;
			sourceTree = "<group>";
		};
		CA7F97B758C7040DE75726A6 /* DesignSystem */ = {
			isa = PBXGroup;
			children = (
				C97861208E25D18FD4EDA1C3 /* Buttons.swift */,
				3B7584D86923F2172B5800B8 /* CardBackground.swift */,
				F91116B3A2600B6D867ECAD1 /* CompletionBurst.swift */,
				3EB06A4AFB082B72DA0F3165 /* GoalWeekStrip.swift */,
				F72A67DF8D514BDD23A89798 /* ProBadge.swift */,
				C766B58B62C0A77895616F9F /* ProgressRing.swift */,
				0D3738DCD1C1C901FB58D4F5 /* TaskProgressWave.swift */,
				DCCC2E97AF4EC6541D3BBD30 /* TaskRowView.swift */,
				CCB64DD289BA093BF6235177 /* Typography.swift */,
			);
			path = DesignSystem;
			sourceTree = "<group>";
		};
		D6C23DB957E1B951B49D6549 /* Persistence */ = {
			isa = PBXGroup;
			children = (
				D85917D87C1E0FD562F03FE3 /* PersistenceController.swift */,
				5EB7A3CAD3697716ABF2B18C /* SupabaseManager.swift */,
			);
			path = Persistence;
			sourceTree = "<group>";
		};
		E1BC07DDF9CCE541967D343D /* AdhocBump */ = {
			isa = PBXGroup;
			children = (
				95FBD25B6E15C0E91381F6E8 /* AdhocBumpView.swift */,
				1CE1AE26B58AE7465DA15689 /* CascadeConfirmView.swift */,
			);
			path = AdhocBump;
			sourceTree = "<group>";
		};
		E6D07D279A9539D3CB3AC7C2 = {
			isa = PBXGroup;
			children = (
				EE2F8F2E97563A2880AE8321 /* Resources */,
				886510758D73D0E5732489AF /* Sources */,
				FC14452B308F4CC9B6234E85 /* Tests */,
				48DBDF277774A48A4A61A668 /* Products */,
			);
			sourceTree = "<group>";
		};
		EE2F8F2E97563A2880AE8321 /* Resources */ = {
			isa = PBXGroup;
			children = (
				13F66EB6BA064C5E76B26FB6 /* Assets.xcassets */,
			);
			path = Resources;
			sourceTree = "<group>";
		};
		F6ADC6A1E7C5DD772B2C4C5D /* App */ = {
			isa = PBXGroup;
			children = (
				036EE9F351B7734A2F5AD935 /* DateNavigationStore.swift */,
				3FB518A0FA9D4FFF75FBC21B /* MainTabView.swift */,
				24ECA3D57DA1BDC6AAA0C1C7 /* RootView.swift */,
				8850A4AD6D4B8CA9B911E947 /* WaypointApp.swift */,
			);
			path = App;
			sourceTree = "<group>";
		};
		FC14452B308F4CC9B6234E85 /* Tests */ = {
			isa = PBXGroup;
			children = (
				BC551CFE31C80A5743D2C5E7 /* GoalStreakTests.swift */,
				C92BA47E98AB9488DC68F588 /* ScheduleEngineTests.swift */,
				CB56D3F2D27B6CB75FD85E12 /* TaskReplicatorTests.swift */,
				A90DAA1220894578F53EF0F8 /* TaskStateTests.swift */,
			);
			path = Tests;
			sourceTree = "<group>";
		};
/* End PBXGroup section */

/* Begin PBXNativeTarget section */
		0BC778742F14DFE18F730618 /* WaypointTests */ = {
			isa = PBXNativeTarget;
			buildConfigurationList = 57D596B7E6771476A75F25C0 /* Build configuration list for PBXNativeTarget "WaypointTests" */;
			buildPhases = (
				9BB2EEE4C98D4164D35FBB76 /* Sources */,
			);
			buildRules = (
			);
			dependencies = (
				F57CC85DA3BFAB8F1E3FCF5F /* PBXTargetDependency */,
			);
			name = WaypointTests;
			packageProductDependencies = (
			);
			productName = WaypointTests;
			productReference = 37E074FA3AF1BBB691783155 /* WaypointTests.xctest */;
			productType = "com.apple.product-type.bundle.unit-test";
		};
		C2F92D227913837FFA259593 /* Waypoint */ = {
			isa = PBXNativeTarget;
			buildConfigurationList = 8B18DD62BC49AA7DECA8DB5A /* Build configuration list for PBXNativeTarget "Waypoint" */;
			buildPhases = (
				B3B4E65E85A6C36A0EDE4C8A /* Sources */,
				BBF8D72711C57ADAEE6117C4 /* Resources */,
				D4A0FA02D8337ADD179DD66A /* Frameworks */,
			);
			buildRules = (
			);
			dependencies = (
			);
			name = Waypoint;
			packageProductDependencies = (
				87A2E6B7AAA3217AF056DB77 /* Supabase */,
			);
			productName = Waypoint;
			productReference = BA0E993CFF4FC1F5EB46A65E /* Waypoint.app */;
			productType = "com.apple.product-type.application";
		};
/* End PBXNativeTarget section */

/* Begin PBXProject section */
		B33832DCC50BBF6D04EAD6FA /* Project object */ = {
			isa = PBXProject;
			attributes = {
				BuildIndependentTargetsInParallel = YES;
				LastUpgradeCheck = 1430;
				TargetAttributes = {
				};
			};
			buildConfigurationList = 61ECA9088B277AB8DAAEB920 /* Build configuration list for PBXProject "Waypoint" */;
			developmentRegion = en;
			hasScannedForEncodings = 0;
			knownRegions = (
				Base,
				en,
			);
			mainGroup = E6D07D279A9539D3CB3AC7C2;
			minimizedProjectReferenceProxies = 1;
			packageReferences = (
				C7E2020579AF27B296D803A5 /* XCRemoteSwiftPackageReference "supabase-swift" */,
			);
			preferredProjectObjectVersion = 77;
			productRefGroup = 48DBDF277774A48A4A61A668 /* Products */;
			projectDirPath = "";
			projectRoot = "";
			targets = (
				C2F92D227913837FFA259593 /* Waypoint */,
				0BC778742F14DFE18F730618 /* WaypointTests */,
			);
		};
/* End PBXProject section */

/* Begin PBXResourcesBuildPhase section */
		BBF8D72711C57ADAEE6117C4 /* Resources */ = {
			isa = PBXResourcesBuildPhase;
			buildActionMask = 2147483647;
			files = (
				A53FFB0471686FC364842675 /* Assets.xcassets in Resources */,
			);
			runOnlyForDeploymentPostprocessing = 0;
		};
/* End PBXResourcesBuildPhase section */

/* Begin PBXSourcesBuildPhase section */
		9BB2EEE4C98D4164D35FBB76 /* Sources */ = {
			isa = PBXSourcesBuildPhase;
			buildActionMask = 2147483647;
			files = (
				FADECE428C4516741B153F17 /* GoalStreakTests.swift in Sources */,
				83AD6D98E2D33E9B9FEAC484 /* ScheduleEngineTests.swift in Sources */,
				DBD85E619AD25D3CAE81E191 /* TaskReplicatorTests.swift in Sources */,
				880F64ECC57A5DAE9CC1E551 /* TaskStateTests.swift in Sources */,
			);
			runOnlyForDeploymentPostprocessing = 0;
		};
		B3B4E65E85A6C36A0EDE4C8A /* Sources */ = {
			isa = PBXSourcesBuildPhase;
			buildActionMask = 2147483647;
			files = (
				6D0CBF355D939EE2DE71AC42 /* AccentSwatch.swift in Sources */,
				0391273998145E517435F8EC /* AdhocBumpView.swift in Sources */,
				E8100EABD432CDF9B1BB7257 /* AuthManager.swift in Sources */,
				5C435AF590790E4CDDF3DFB1 /* Buttons.swift in Sources */,
				9FAA7DF2F3D0B94F7929F1BC /* CardBackground.swift in Sources */,
				66CA047020BB53456CF52163 /* CascadeConfirmView.swift in Sources */,
				8ADFF848E23D11FBEE5C2E32 /* ColorTokens.swift in Sources */,
				0FB1B42E983A00343B16C2DC /* CommitmentEntity+Extensions.swift in Sources */,
				D13C502840BF8A8063FFC353 /* CompletionBurst.swift in Sources */,
				26F8CD307627BD1AF8548EE3 /* CompletionView.swift in Sources */,
				400FB0185E2D807FE75A4834 /* DateNavigationStore.swift in Sources */,
				8DC2D818FECF68F4351808F1 /* GoalCreateView.swift in Sources */,
				96952B100095640D68BB1441 /* GoalDetailView.swift in Sources */,
				B9B8319683994671D16A0B23 /* GoalEntity+Extensions.swift in Sources */,
				EAB29C9AE0CC289BD954D68F /* GoalWeekStrip.swift in Sources */,
				70742552221EB329839E8778 /* MainTabView.swift in Sources */,
				0173E1DAB7E2CE778FD87D09 /* NewTaskView.swift in Sources */,
				7BD20FD2295557FE33DA3FC3 /* NotificationManager.swift in Sources */,
				382D8B866267D75CABE10EDE /* PaywallView.swift in Sources */,
				271814CD866A39D92687A731 /* PersistenceController.swift in Sources */,
				6FE99472D1487F9D7F11167A /* PomodoroView.swift in Sources */,
				0A486CE868C5538D3BC75F2C /* Priority.swift in Sources */,
				1311A3A1DCE41F441D7D50A3 /* ProBadge.swift in Sources */,
				D578F0738C862DB4AD3C34E7 /* ProgressAnalyticsView.swift in Sources */,
				BFB17E314B1FED350DC83406 /* ProgressRing.swift in Sources */,
				415D3231AF21C9C4459E539E /* RootView.swift in Sources */,
				B8AE3F3458A1577CB492669D /* SampleData.swift in Sources */,
				B12E14D9F220506BE25B5E81 /* ScheduleEngine.swift in Sources */,
				282DF72FF66F505186DF4381 /* ScheduleSetupView.swift in Sources */,
				336714247F3CE0431661E8EC /* SettingsView.swift in Sources */,
				ECFBF55BDFEF53CE52B6C2E9 /* SleepSettings.swift in Sources */,
				62E80A2D7D2E3662061F6458 /* SleepSetupView.swift in Sources */,
				5C3849993FB7B9611B234A0E /* SupabaseManager.swift in Sources */,
				116C5DCD2ED5586EC1099096 /* TaskDraft.swift in Sources */,
				B830178B192DA6126F60E980 /* TaskEntity+Extensions.swift in Sources */,
				67A2737B5F7E2692178BF83C /* TaskProgressWave.swift in Sources */,
				DE3BA15E3EAFC3B63C7B8890 /* TaskReplicator.swift in Sources */,
				E5A0253695B33E739863FCFB /* TaskRowView.swift in Sources */,
				E6090248BA262203436E2E40 /* ThemeManager.swift in Sources */,
				EC3E26669CDA55B639FC50BF /* TodayView.swift in Sources */,
				6FE09E437E8792AA241BF182 /* Typography.swift in Sources */,
				FD011C345784CD18872C0386 /* Waypoint.xcdatamodeld in Sources */,
				1C1EC3598704DA3D10F4B79E /* WaypointApp.swift in Sources */,
				653F0D6E91617547083D6332 /* WeekView.swift in Sources */,
				0A824A02868B79111A8A83CD /* WelcomeView.swift in Sources */,
			);
			runOnlyForDeploymentPostprocessing = 0;
		};
/* End PBXSourcesBuildPhase section */

/* Begin PBXTargetDependency section */
		F57CC85DA3BFAB8F1E3FCF5F /* PBXTargetDependency */ = {
			isa = PBXTargetDependency;
			target = C2F92D227913837FFA259593 /* Waypoint */;
			targetProxy = C8F9FCE92CFA5AA709E75E17 /* PBXContainerItemProxy */;
		};
/* End PBXTargetDependency section */

/* Begin XCBuildConfiguration section */
		05F475883A011F7622EF250E /* Debug */ = {
			isa = XCBuildConfiguration;
			buildSettings = {
				ASSETCATALOG_COMPILER_APPICON_NAME = AppIcon;
				ASSETSCATALOG_COMPILER_APPICON_NAME = AppIcon;
				ASSETSCATALOG_COMPILER_GLOBAL_ACCENT_COLOR_NAME = AccentColor;
				CODE_SIGN_IDENTITY = "iPhone Developer";
				CURRENT_PROJECT_VERSION = 1;
				GENERATE_INFOPLIST_FILE = YES;
				INFOPLIST_FILE = Generated/Info.plist;
				LD_RUNPATH_SEARCH_PATHS = (
					"$(inherited)",
					"@executable_path/Frameworks",
				);
				MARKETING_VERSION = 1.0;
				PRODUCT_BUNDLE_IDENTIFIER = com.waypoint.app;
				SDKROOT = iphoneos;
				SWIFT_EMIT_LOC_STRINGS = YES;
				SWIFT_VERSION = 5.0;
				TARGETED_DEVICE_FAMILY = 1;
			};
			name = Debug;
		};
		13E5BFC80E7D1E7E9DF2F585 /* Release */ = {
			isa = XCBuildConfiguration;
			buildSettings = {
				ALWAYS_SEARCH_USER_PATHS = NO;
				CLANG_ANALYZER_NONNULL = YES;
				CLANG_ANALYZER_NUMBER_OBJECT_CONVERSION = YES_AGGRESSIVE;
				CLANG_CXX_LANGUAGE_STANDARD = "gnu++14";
				CLANG_CXX_LIBRARY = "libc++";
				CLANG_ENABLE_MODULES = YES;
				CLANG_ENABLE_OBJC_ARC = YES;
				CLANG_ENABLE_OBJC_WEAK = YES;
				CLANG_WARN_BLOCK_CAPTURE_AUTORELEASING = YES;
				CLANG_WARN_BOOL_CONVERSION = YES;
				CLANG_WARN_COMMA = YES;
				CLANG_WARN_CONSTANT_CONVERSION = YES;
				CLANG_WARN_DEPRECATED_OBJC_IMPLEMENTATIONS = YES;
				CLANG_WARN_DIRECT_OBJC_ISA_USAGE = YES_ERROR;
				CLANG_WARN_DOCUMENTATION_COMMENTS = YES;
				CLANG_WARN_EMPTY_BODY = YES;
				CLANG_WARN_ENUM_CONVERSION = YES;
				CLANG_WARN_INFINITE_RECURSION = YES;
				CLANG_WARN_INT_CONVERSION = YES;
				CLANG_WARN_NON_LITERAL_NULL_CONVERSION = YES;
				CLANG_WARN_OBJC_IMPLICIT_RETAIN_SELF = YES;
				CLANG_WARN_OBJC_LITERAL_CONVERSION = YES;
				CLANG_WARN_OBJC_ROOT_CLASS = YES_ERROR;
				CLANG_WARN_QUOTED_INCLUDE_IN_FRAMEWORK_HEADER = YES;
				CLANG_WARN_RANGE_LOOP_ANALYSIS = YES;
				CLANG_WARN_STRICT_PROTOTYPES = YES;
				CLANG_WARN_SUSPICIOUS_MOVE = YES;
				CLANG_WARN_UNGUARDED_AVAILABILITY = YES_AGGRESSIVE;
				CLANG_WARN_UNREACHABLE_CODE = YES;
				CLANG_WARN__DUPLICATE_METHOD_MATCH = YES;
				COPY_PHASE_STRIP = NO;
				DEBUG_INFORMATION_FORMAT = "dwarf-with-dsym";
				ENABLE_NS_ASSERTIONS = NO;
				ENABLE_STRICT_OBJC_MSGSEND = YES;
				GCC_C_LANGUAGE_STANDARD = gnu11;
				GCC_NO_COMMON_BLOCKS = YES;
				GCC_WARN_64_TO_32_BIT_CONVERSION = YES;
				GCC_WARN_ABOUT_RETURN_TYPE = YES_ERROR;
				GCC_WARN_UNDECLARED_SELECTOR = YES;
				GCC_WARN_UNINITIALIZED_AUTOS = YES_AGGRESSIVE;
				GCC_WARN_UNUSED_FUNCTION = YES;
				GCC_WARN_UNUSED_VARIABLE = YES;
				IPHONEOS_DEPLOYMENT_TARGET = 17.0;
				MTL_ENABLE_DEBUG_INFO = NO;
				MTL_FAST_MATH = YES;
				PRODUCT_NAME = "$(TARGET_NAME)";
				SDKROOT = iphoneos;
				SWIFT_COMPILATION_MODE = wholemodule;
				SWIFT_OPTIMIZATION_LEVEL = "-O";
				SWIFT_VERSION = 5.0;
			};
			name = Release;
		};
		4F18C1A843EF71CE5EA6ED13 /* Release */ = {
			isa = XCBuildConfiguration;
			buildSettings = {
				BUNDLE_LOADER = "$(TEST_HOST)";
				GENERATE_INFOPLIST_FILE = YES;
				LD_RUNPATH_SEARCH_PATHS = (
					"$(inherited)",
					"@executable_path/Frameworks",
					"@loader_path/Frameworks",
				);
				PRODUCT_BUNDLE_IDENTIFIER = com.waypoint.WaypointTests;
				SDKROOT = iphoneos;
				SWIFT_VERSION = 5.0;
				TARGETED_DEVICE_FAMILY = "1,2";
				TEST_HOST = "$(BUILT_PRODUCTS_DIR)/Waypoint.app/Waypoint";
			};
			name = Release;
		};
		5E6362035B26F2D89FDB9BF7 /* Debug */ = {
			isa = XCBuildConfiguration;
			buildSettings = {
				BUNDLE_LOADER = "$(TEST_HOST)";
				GENERATE_INFOPLIST_FILE = YES;
				LD_RUNPATH_SEARCH_PATHS = (
					"$(inherited)",
					"@executable_path/Frameworks",
					"@loader_path/Frameworks",
				);
				PRODUCT_BUNDLE_IDENTIFIER = com.waypoint.WaypointTests;
				SDKROOT = iphoneos;
				SWIFT_VERSION = 5.0;
				TARGETED_DEVICE_FAMILY = "1,2";
				TEST_HOST = "$(BUILT_PRODUCTS_DIR)/Waypoint.app/Waypoint";
			};
			name = Debug;
		};
		6EA31810FE5E670CD297FDC3 /* Debug */ = {
			isa = XCBuildConfiguration;
			buildSettings = {
				ALWAYS_SEARCH_USER_PATHS = NO;
				CLANG_ANALYZER_NONNULL = YES;
				CLANG_ANALYZER_NUMBER_OBJECT_CONVERSION = YES_AGGRESSIVE;
				CLANG_CXX_LANGUAGE_STANDARD = "gnu++14";
				CLANG_CXX_LIBRARY = "libc++";
				CLANG_ENABLE_MODULES = YES;
				CLANG_ENABLE_OBJC_ARC = YES;
				CLANG_ENABLE_OBJC_WEAK = YES;
				CLANG_WARN_BLOCK_CAPTURE_AUTORELEASING = YES;
				CLANG_WARN_BOOL_CONVERSION = YES;
				CLANG_WARN_COMMA = YES;
				CLANG_WARN_CONSTANT_CONVERSION = YES;
				CLANG_WARN_DEPRECATED_OBJC_IMPLEMENTATIONS = YES;
				CLANG_WARN_DIRECT_OBJC_ISA_USAGE = YES_ERROR;
				CLANG_WARN_DOCUMENTATION_COMMENTS = YES;
				CLANG_WARN_EMPTY_BODY = YES;
				CLANG_WARN_ENUM_CONVERSION = YES;
				CLANG_WARN_INFINITE_RECURSION = YES;
				CLANG_WARN_INT_CONVERSION = YES;
				CLANG_WARN_NON_LITERAL_NULL_CONVERSION = YES;
				CLANG_WARN_OBJC_IMPLICIT_RETAIN_SELF = YES;
				CLANG_WARN_OBJC_LITERAL_CONVERSION = YES;
				CLANG_WARN_OBJC_ROOT_CLASS = YES_ERROR;
				CLANG_WARN_QUOTED_INCLUDE_IN_FRAMEWORK_HEADER = YES;
				CLANG_WARN_RANGE_LOOP_ANALYSIS = YES;
				CLANG_WARN_STRICT_PROTOTYPES = YES;
				CLANG_WARN_SUSPICIOUS_MOVE = YES;
				CLANG_WARN_UNGUARDED_AVAILABILITY = YES_AGGRESSIVE;
				CLANG_WARN_UNREACHABLE_CODE = YES;
				CLANG_WARN__DUPLICATE_METHOD_MATCH = YES;
				COPY_PHASE_STRIP = NO;
				DEBUG_INFORMATION_FORMAT = dwarf;
				ENABLE_STRICT_OBJC_MSGSEND = YES;
				ENABLE_TESTABILITY = YES;
				GCC_C_LANGUAGE_STANDARD = gnu11;
				GCC_DYNAMIC_NO_PIC = NO;
				GCC_NO_COMMON_BLOCKS = YES;
				GCC_OPTIMIZATION_LEVEL = 0;
				GCC_PREPROCESSOR_DEFINITIONS = (
					"$(inherited)",
					"DEBUG=1",
				);
				GCC_WARN_64_TO_32_BIT_CONVERSION = YES;
				GCC_WARN_ABOUT_RETURN_TYPE = YES_ERROR;
				GCC_WARN_UNDECLARED_SELECTOR = YES;
				GCC_WARN_UNINITIALIZED_AUTOS = YES_AGGRESSIVE;
				GCC_WARN_UNUSED_FUNCTION = YES;
				GCC_WARN_UNUSED_VARIABLE = YES;
				IPHONEOS_DEPLOYMENT_TARGET = 17.0;
				MTL_ENABLE_DEBUG_INFO = INCLUDE_SOURCE;
				MTL_FAST_MATH = YES;
				ONLY_ACTIVE_ARCH = YES;
				PRODUCT_NAME = "$(TARGET_NAME)";
				SDKROOT = iphoneos;
				SWIFT_ACTIVE_COMPILATION_CONDITIONS = DEBUG;
				SWIFT_OPTIMIZATION_LEVEL = "-Onone";
				SWIFT_VERSION = 5.0;
			};
			name = Debug;
		};
		6F9A13B39241EEE5657B338E /* Release */ = {
			isa = XCBuildConfiguration;
			buildSettings = {
				ASSETCATALOG_COMPILER_APPICON_NAME = AppIcon;
				ASSETSCATALOG_COMPILER_APPICON_NAME = AppIcon;
				ASSETSCATALOG_COMPILER_GLOBAL_ACCENT_COLOR_NAME = AccentColor;
				CODE_SIGN_IDENTITY = "iPhone Developer";
				CURRENT_PROJECT_VERSION = 1;
				GENERATE_INFOPLIST_FILE = YES;
				INFOPLIST_FILE = Generated/Info.plist;
				LD_RUNPATH_SEARCH_PATHS = (
					"$(inherited)",
					"@executable_path/Frameworks",
				);
				MARKETING_VERSION = 1.0;
				PRODUCT_BUNDLE_IDENTIFIER = com.waypoint.app;
				SDKROOT = iphoneos;
				SWIFT_EMIT_LOC_STRINGS = YES;
				SWIFT_VERSION = 5.0;
				TARGETED_DEVICE_FAMILY = 1;
			};
			name = Release;
		};
/* End XCBuildConfiguration section */

/* Begin XCConfigurationList section */
		57D596B7E6771476A75F25C0 /* Build configuration list for PBXNativeTarget "WaypointTests" */ = {
			isa = XCConfigurationList;
			buildConfigurations = (
				5E6362035B26F2D89FDB9BF7 /* Debug */,
				4F18C1A843EF71CE5EA6ED13 /* Release */,
			);
			defaultConfigurationIsVisible = 0;
			defaultConfigurationName = Debug;
		};
		61ECA9088B277AB8DAAEB920 /* Build configuration list for PBXProject "Waypoint" */ = {
			isa = XCConfigurationList;
			buildConfigurations = (
				6EA31810FE5E670CD297FDC3 /* Debug */,
				13E5BFC80E7D1E7E9DF2F585 /* Release */,
			);
			defaultConfigurationIsVisible = 0;
			defaultConfigurationName = Debug;
		};
		8B18DD62BC49AA7DECA8DB5A /* Build configuration list for PBXNativeTarget "Waypoint" */ = {
			isa = XCConfigurationList;
			buildConfigurations = (
				05F475883A011F7622EF250E /* Debug */,
				6F9A13B39241EEE5657B338E /* Release */,
			);
			defaultConfigurationIsVisible = 0;
			defaultConfigurationName = Debug;
		};
/* End XCConfigurationList section */

/* Begin XCRemoteSwiftPackageReference section */
		C7E2020579AF27B296D803A5 /* XCRemoteSwiftPackageReference "supabase-swift" */ = {
			isa = XCRemoteSwiftPackageReference;
			repositoryURL = "https://github.com/supabase/supabase-swift.git";
			requirement = {
				kind = upToNextMajorVersion;
				minimumVersion = 2.5.1;
			};
		};
/* End XCRemoteSwiftPackageReference section */

/* Begin XCSwiftPackageProductDependency section */
		87A2E6B7AAA3217AF056DB77 /* Supabase */ = {
			isa = XCSwiftPackageProductDependency;
			package = C7E2020579AF27B296D803A5 /* XCRemoteSwiftPackageReference "supabase-swift" */;
			productName = Supabase;
		};
/* End XCSwiftPackageProductDependency section */

/* Begin XCVersionGroup section */
		C7FFB68E50A360EC43E84F0A /* Waypoint.xcdatamodeld */ = {
			isa = XCVersionGroup;
			children = (
				CFCBE172A676F813E78CF8EA /* Waypoint.xcdatamodel */,
			);
			currentVersion = CFCBE172A676F813E78CF8EA /* Waypoint.xcdatamodel */;
			path = Waypoint.xcdatamodeld;
			sourceTree = "<group>";
			versionGroupType = wrapper.xcdatamodel;
		};
/* End XCVersionGroup section */
	};
	rootObject = B33832DCC50BBF6D04EAD6FA /* Project object */;
}
